
Microsoft Visual Studio Solution File, Format Version 12.00
# Visual Studio Version 16
VisualStudioVersion = 16.0.30709.132
MinimumVisualStudioVersion = 10.0.40219.1
Project("{9A19103F-16F7-4668-BE54-9A1E7A4F7556}") = "PongTest", "PongTest\PongTest.csproj", "{D5F64AAD-FC46-4B6A-B8D4-E37B481B8A45}"
EndProject
Global
	GlobalSection(SolutionConfigurationPlatforms) = preSolution
		Debug|Any CPU = Debug|Any CPU
		Debug-Client|Any CPU = Debug-Client|Any CPU
		Release|Any CPU = Release|Any CPU
		Release-Client|Any CPU = Release-Client|Any CPU
	EndGlobalSection
	GlobalSection(ProjectConfigurationPlatforms) = postSolution
		{D5F64AAD-FC46-4B6A-B8D4-E37B481B8A45}.Debug|Any CPU.ActiveCfg = Debug|Any CPU
		{D5F64AAD-FC46-4B6A-B8D4-E37B481B8A45}.Debug|Any CPU.Build.0 = Debug|Any CPU
		{D5F64AAD-FC46-4B6A-B8D4-E37B481B8A45}.Debug-Client|Any CPU.ActiveCfg = Debug-Client|Any CPU
		{D5F64AAD-FC46-4B6A-B8D4-E37B481B8A45}.Debug-Client|Any CPU.Build.0 = Debug-Client|Any CPU
		{D5F64AAD-FC46-4B6A-B8D4-E37B481B8A45}.Release|Any CPU.ActiveCfg = Release|Any CPU
		{D5F64AAD-FC46-4B6A-B8D4-E37B481B8A45}.Release|Any CPU.Build.0 = Release|Any CPU
		{D5F64AAD-FC46-4B6A-B8D4-E37B481B8A45}.Release-Client|Any CPU.ActiveCfg = Release-Client|Any CPU
		{D5F64AAD-FC46-4B6A-B8D4-E37B481B8A45}.Release-Client|Any CPU.Build.0 = Release-Client|Any CPU
	EndGlobalSection
	GlobalSection(SolutionProperties) = preSolution
		HideSolutionNode = FALSE
	EndGlobalSection
	GlobalSection(ExtensibilityGlobals) = postSolution
		SolutionGuid = {6C8161BE-6341-4AFA-94BB-BB51CA9878D0}
	EndGlobalSection
EndGlobal
